
Microsoft Visual Studio Solution File, Format Version 12.00
# Visual Studio Version 17
VisualStudioVersion = 17.7.34009.444
MinimumVisualStudioVersion = 10.0.40219.1
Project("{9A19103F-16F7-4668-BE54-9A1E7A4F7556}") = "T16_01_01_StaticClasses", "T16_01_01_StaticClasses\T16_01_01_StaticClasses.csproj", "{AA73B923-5EF7-4F57-9594-3DFF5FDD0BEA}"
EndProject
Project("{9A19103F-16F7-4668-BE54-9A1E7A4F7556}") = "T16_01_02_HomeworkStaticClasses", "T16_01_02_HomeworkStaticClasses\T16_01_02_HomeworkStaticClasses.csproj", "{C48F0252-1270-4F69-97F7-B1A5A33B7757}"
EndProject
Project("{9A19103F-16F7-4668-BE54-9A1E7A4F7556}") = "T16_02_01_InstantiatedClasses", "T16_02_01_InstantiatedClasses\T16_02_01_InstantiatedClasses.csproj", "{9F384378-9145-43B1-8370-950E886B993C}"
EndProject
Project("{9A19103F-16F7-4668-BE54-9A1E7A4F7556}") = "T16_02_02_HomeworkInstantiatedClasses", "T16_02_02_HomeworkInstantiatedClasses\T16_02_02_HomeworkInstantiatedClasses.csproj", "{AB492117-EAFC-4C67-8352-61195AF00A56}"
EndProject
Project("{9A19103F-16F7-4668-BE54-9A1E7A4F7556}") = "T17_01_01_PropertyTypes", "T17_01_01_PropertyTypes\T17_01_01_PropertyTypes.csproj", "{61B05E79-2192-4785-A2B2-DCA53920DF38}"
EndProject
Project("{9A19103F-16F7-4668-BE54-9A1E7A4F7556}") = "T17_01_02_HomeworkPropertyTypes", "T17_01_02_HomeworkPropertyTypes\T17_01_02_HomeworkPropertyTypes.csproj", "{A085166D-B6A1-454A-9C02-CBA27B6E091C}"
EndProject
Project("{9A19103F-16F7-4668-BE54-9A1E7A4F7556}") = "T17_02_01_Namespaces", "T17_02_01_Namespaces\T17_02_01_Namespaces.csproj", "{49FE5F8B-EEE5-4B6A-A309-63D0710C1BAC}"
EndProject
Project("{9A19103F-16F7-4668-BE54-9A1E7A4F7556}") = "T17_02_02_HomeworkNamespaces", "T17_02_02_HomeworkNamespaces\T17_02_02_HomeworkNamespaces.csproj", "{E309ED03-9A1E-4D61-BC67-5E80996C4304}"
EndProject
Project("{9A19103F-16F7-4668-BE54-9A1E7A4F7556}") = "T18_01_01_ClassLibraries", "T18_01_01_ClassLibraries\T18_01_01_ClassLibraries.csproj", "{22C06D69-B17C-4CFC-A309-8C3FA0FF6846}"
EndProject
Project("{9A19103F-16F7-4668-BE54-9A1E7A4F7556}") = "T18_01_01_ClassLibrariesLibrary", "T18_01_01_ClassLibrariesLibrary\T18_01_01_ClassLibrariesLibrary.csproj", "{E4145D64-80BF-4A36-9E31-5B5247EA09DD}"
EndProject
Project("{9A19103F-16F7-4668-BE54-9A1E7A4F7556}") = "T18_01_02_HomeworkClassLibraries", "T18_01_02_HomeworkClassLibraries\T18_01_02_HomeworkClassLibraries.csproj", "{C9AE0D3C-2166-4CC7-ABE4-C838629EF04D}"
EndProject
Project("{9A19103F-16F7-4668-BE54-9A1E7A4F7556}") = "T18_01_02_HomeworkClassLibrariesLibrary", "T18_01_02_HomeworkClassLibrariesLibrary\T18_01_02_HomeworkClassLibrariesLibrary.csproj", "{618C0A13-BBA5-40DE-9757-73992A1486BF}"
EndProject
Project("{9A19103F-16F7-4668-BE54-9A1E7A4F7556}") = "T18_02_01_MiniProjectGuestBook", "T18_02_01_MiniProjectGuestBook\T18_02_01_MiniProjectGuestBook.csproj", "{E5687BF3-5EFC-48E5-B79E-931A7151F33D}"
EndProject
Project("{9A19103F-16F7-4668-BE54-9A1E7A4F7556}") = "T18_02_01_MiniProjectGuestBookLibrary", "T18_02_01_MiniProjectGuestBookLibrary\T18_02_01_MiniProjectGuestBookLibrary.csproj", "{01650941-77EE-4ECF-9299-D6C0C625AF65}"
EndProject
Project("{9A19103F-16F7-4668-BE54-9A1E7A4F7556}") = "T18_02_02_HomeworkMiniProjectGuestBook", "T18_02_02_HomeworkMiniProjectGuestBook\T18_02_02_HomeworkMiniProjectGuestBook.csproj", "{71348F49-878C-41E0-99F7-6FF40A147B75}"
EndProject
Project("{9A19103F-16F7-4668-BE54-9A1E7A4F7556}") = "T18_02_02_HomeworkMiniProjectGuestBookLibrary", "T18_02_02_HomeworkMiniProjectGuestBookLibrary\T18_02_02_HomeworkMiniProjectGuestBookLibrary.csproj", "{334A776B-8CE0-464C-A7FA-A736E8221673}"
EndProject
Project("{9A19103F-16F7-4668-BE54-9A1E7A4F7556}") = "T21_BattleshipLight", "T21_BattleshipLight\T21_BattleshipLight.csproj", "{6F8B31AA-F487-4FF1-A441-204FCB336D81}"
EndProject
Project("{9A19103F-16F7-4668-BE54-9A1E7A4F7556}") = "T21_BattleshipLightLibrary", "T21_BattleshipLightLibrary\T21_BattleshipLightLibrary.csproj", "{BE057C17-DDEB-41F5-B50E-93C5E3C530F9}"
EndProject
Project("{9A19103F-16F7-4668-BE54-9A1E7A4F7556}") = "T24_01_01_Inheritance", "T24_01_01_Inheritance\T24_01_01_Inheritance.csproj", "{71C7F702-9127-424B-BBB8-9B996D9349D4}"
EndProject
Project("{9A19103F-16F7-4668-BE54-9A1E7A4F7556}") = "T24_01_02_HomeworkInheritance", "T24_01_02_HomeworkInheritance\T24_01_02_HomeworkInheritance.csproj", "{8530E024-AEFB-4A3D-BA1B-169F5E859C75}"
EndProject
Project("{9A19103F-16F7-4668-BE54-9A1E7A4F7556}") = "T24_02_01_Interfaces", "T24_02_01_Interfaces\T24_02_01_Interfaces.csproj", "{771B90C9-26A1-4F47-BB89-36808E786E2E}"
EndProject
Project("{9A19103F-16F7-4668-BE54-9A1E7A4F7556}") = "T24_02_02_HomeworkInterfaces", "T24_02_02_HomeworkInterfaces\T24_02_02_HomeworkInterfaces.csproj", "{2C894D4D-1EDE-4E41-92B8-33049E60E58F}"
EndProject
Project("{9A19103F-16F7-4668-BE54-9A1E7A4F7556}") = "T24_03_01_InheritanceMiniProject", "T24_03_01_InheritanceMiniProject\T24_03_01_InheritanceMiniProject.csproj", "{79B0DE7E-9511-49FB-AFCE-490E10B11390}"
EndProject
Project("{9A19103F-16F7-4668-BE54-9A1E7A4F7556}") = "T24_03_02_HomeworkInheritanceMiniProject", "T24_03_02_HomeworkInheritanceMiniProject\T24_03_02_HomeworkInheritanceMiniProject.csproj", "{85FA62AD-8F39-4FDE-BF65-5051A410C0BD}"
EndProject
Project("{9A19103F-16F7-4668-BE54-9A1E7A4F7556}") = "T25_01_01_AccesModifiers", "T25_01_01_AccesModifiers\T25_01_01_AccesModifiers.csproj", "{4E3A1EA5-BAC1-4F6C-B8DE-5840985B9625}"
EndProject
Project("{9A19103F-16F7-4668-BE54-9A1E7A4F7556}") = "T25_01_01_AccesModifiersLibrary", "T25_01_01_AccesModifiersLibrary\T25_01_01_AccesModifiersLibrary.csproj", "{7EDCA176-870C-4FFD-A613-1E0993208DD5}"
EndProject
Project("{9A19103F-16F7-4668-BE54-9A1E7A4F7556}") = "T25_01_02_HomeworkAccesModifiers", "T25_01_02_HomeworkAccesModifiers\T25_01_02_HomeworkAccesModifiers.csproj", "{5A22B7F2-4AB2-40CF-A894-519A8982506B}"
EndProject
Project("{9A19103F-16F7-4668-BE54-9A1E7A4F7556}") = "T25_01_02_HomeworkAccesModifiersLibrary", "T25_01_02_HomeworkAccesModifiersLibrary\T25_01_02_HomeworkAccesModifiersLibrary.csproj", "{40CE4363-A6BE-4FC2-AE13-4CD50D4257F3}"
EndProject
Project("{9A19103F-16F7-4668-BE54-9A1E7A4F7556}") = "T25_02_01_AbstractClasses", "T25_02_01_AbstractClasses\T25_02_01_AbstractClasses.csproj", "{9110493E-EA65-47DE-8DB5-E6D6266761B5}"
EndProject
Project("{9A19103F-16F7-4668-BE54-9A1E7A4F7556}") = "T25_02_02_HomeworkAbstractClasses", "T25_02_02_HomeworkAbstractClasses\T25_02_02_HomeworkAbstractClasses.csproj", "{C92A619A-4A20-497E-8B1D-324E34ED3B05}"
EndProject
Project("{9A19103F-16F7-4668-BE54-9A1E7A4F7556}") = "T25_03_01_MethodOverriding", "T25_03_01_MethodOverriding\T25_03_01_MethodOverriding.csproj", "{7B178FCF-99A9-4C04-BFBE-CB5E122609A3}"
EndProject
Project("{9A19103F-16F7-4668-BE54-9A1E7A4F7556}") = "T25_03_02_HomeworkMethodOverriding", "T25_03_02_HomeworkMethodOverriding\T25_03_02_HomeworkMethodOverriding.csproj", "{045E0A20-91C6-449B-BCAC-51F9A0C32E92}"
EndProject
Project("{9A19103F-16F7-4668-BE54-9A1E7A4F7556}") = "T25_04_01_CardGame", "T25_04_01_CardGame\T25_04_01_CardGame.csproj", "{66BFFE20-4D13-42FF-8E2C-57951CFE73EA}"
EndProject
Project("{9A19103F-16F7-4668-BE54-9A1E7A4F7556}") = "T25_04_02_HomeworkCardGame", "T25_04_02_HomeworkCardGame\T25_04_02_HomeworkCardGame.csproj", "{5D5A5600-2CAB-4D00-8D4F-50DF92929C82}"
EndProject
Project("{9A19103F-16F7-4668-BE54-9A1E7A4F7556}") = "T26_01_01_MethodOverloading", "T26_01_01_MethodOverloading\T26_01_01_MethodOverloading.csproj", "{7F2D57DA-E254-4ED1-BB5E-FF37FAE18B2C}"
EndProject
Project("{9A19103F-16F7-4668-BE54-9A1E7A4F7556}") = "T26_01_02_HomeworkMethodOverloading", "T26_01_02_HomeworkMethodOverloading\T26_01_02_HomeworkMethodOverloading.csproj", "{E415F00E-A505-4466-B9E0-A91E2D0654D3}"
EndProject
Project("{9A19103F-16F7-4668-BE54-9A1E7A4F7556}") = "T26_02_01_ExtensionMethods", "T26_02_01_ExtensionMethods\T26_02_01_ExtensionMethods.csproj", "{8EF9F4D7-DB1F-4E0B-B14F-46E8676C5DC1}"
EndProject
Project("{9A19103F-16F7-4668-BE54-9A1E7A4F7556}") = "T26_02_02_HomeworkExtensionMethods", "T26_02_02_HomeworkExtensionMethods\T26_02_02_HomeworkExtensionMethods.csproj", "{E5D3E6EC-DB14-479A-AA3E-934CD4CB5F05}"
EndProject
Project("{9A19103F-16F7-4668-BE54-9A1E7A4F7556}") = "T26_03_01_MiniProject", "T26_03_01_MiniProject\T26_03_01_MiniProject.csproj", "{A82941AC-60DE-4B16-8CDB-EABBE8409FE1}"
EndProject
Project("{9A19103F-16F7-4668-BE54-9A1E7A4F7556}") = "T26_03_02_HomeworkMiniProject", "T26_03_02_HomeworkMiniProject\T26_03_02_HomeworkMiniProject.csproj", "{58F67AD7-E00D-4FB6-AD98-D79A7F267CC3}"
EndProject
Project("{9A19103F-16F7-4668-BE54-9A1E7A4F7556}") = "T27_01_01_Generics", "T27_01_01_Generics\T27_01_01_Generics.csproj", "{161FF877-4A7C-4779-A4AC-60D2D0678EDD}"
EndProject
Project("{9A19103F-16F7-4668-BE54-9A1E7A4F7556}") = "T27_01_02_HomeworkGenerics", "T27_01_02_HomeworkGenerics\T27_01_02_HomeworkGenerics.csproj", "{F06C7F7F-35A5-4187-BD83-9991A3690B51}"
EndProject
Project("{FAE04EC0-301F-11D3-BF4B-00C04F79EFBC}") = "T27_02_01_Events", "T27_02_01_Events\T27_02_01_Events.csproj", "{1E2F77D3-1FAD-4F8E-8491-845AFEF1F64B}"
EndProject
Project("{FAE04EC0-301F-11D3-BF4B-00C04F79EFBC}") = "T27_02_02_HomeworkEvents", "T27_02_02_HomeworkEvents\T27_02_02_HomeworkEvents.csproj", "{49372A42-F9CA-4B08-BD62-B9B29C3A66E4}"
EndProject
Global
	GlobalSection(SolutionConfigurationPlatforms) = preSolution
		Debug|Any CPU = Debug|Any CPU
		Release|Any CPU = Release|Any CPU
	EndGlobalSection
	GlobalSection(ProjectConfigurationPlatforms) = postSolution
		{AA73B923-5EF7-4F57-9594-3DFF5FDD0BEA}.Debug|Any CPU.ActiveCfg = Debug|Any CPU
		{AA73B923-5EF7-4F57-9594-3DFF5FDD0BEA}.Debug|Any CPU.Build.0 = Debug|Any CPU
		{AA73B923-5EF7-4F57-9594-3DFF5FDD0BEA}.Release|Any CPU.ActiveCfg = Release|Any CPU
		{AA73B923-5EF7-4F57-9594-3DFF5FDD0BEA}.Release|Any CPU.Build.0 = Release|Any CPU
		{C48F0252-1270-4F69-97F7-B1A5A33B7757}.Debug|Any CPU.ActiveCfg = Debug|Any CPU
		{C48F0252-1270-4F69-97F7-B1A5A33B7757}.Debug|Any CPU.Build.0 = Debug|Any CPU
		{C48F0252-1270-4F69-97F7-B1A5A33B7757}.Release|Any CPU.ActiveCfg = Release|Any CPU
		{C48F0252-1270-4F69-97F7-B1A5A33B7757}.Release|Any CPU.Build.0 = Release|Any CPU
		{9F384378-9145-43B1-8370-950E886B993C}.Debug|Any CPU.ActiveCfg = Debug|Any CPU
		{9F384378-9145-43B1-8370-950E886B993C}.Debug|Any CPU.Build.0 = Debug|Any CPU
		{9F384378-9145-43B1-8370-950E886B993C}.Release|Any CPU.ActiveCfg = Release|Any CPU
		{9F384378-9145-43B1-8370-950E886B993C}.Release|Any CPU.Build.0 = Release|Any CPU
		{AB492117-EAFC-4C67-8352-61195AF00A56}.Debug|Any CPU.ActiveCfg = Debug|Any CPU
		{AB492117-EAFC-4C67-8352-61195AF00A56}.Debug|Any CPU.Build.0 = Debug|Any CPU
		{AB492117-EAFC-4C67-8352-61195AF00A56}.Release|Any CPU.ActiveCfg = Release|Any CPU
		{AB492117-EAFC-4C67-8352-61195AF00A56}.Release|Any CPU.Build.0 = Release|Any CPU
		{61B05E79-2192-4785-A2B2-DCA53920DF38}.Debug|Any CPU.ActiveCfg = Debug|Any CPU
		{61B05E79-2192-4785-A2B2-DCA53920DF38}.Debug|Any CPU.Build.0 = Debug|Any CPU
		{61B05E79-2192-4785-A2B2-DCA53920DF38}.Release|Any CPU.ActiveCfg = Release|Any CPU
		{61B05E79-2192-4785-A2B2-DCA53920DF38}.Release|Any CPU.Build.0 = Release|Any CPU
		{A085166D-B6A1-454A-9C02-CBA27B6E091C}.Debug|Any CPU.ActiveCfg = Debug|Any CPU
		{A085166D-B6A1-454A-9C02-CBA27B6E091C}.Debug|Any CPU.Build.0 = Debug|Any CPU
		{A085166D-B6A1-454A-9C02-CBA27B6E091C}.Release|Any CPU.ActiveCfg = Release|Any CPU
		{A085166D-B6A1-454A-9C02-CBA27B6E091C}.Release|Any CPU.Build.0 = Release|Any CPU
		{49FE5F8B-EEE5-4B6A-A309-63D0710C1BAC}.Debug|Any CPU.ActiveCfg = Debug|Any CPU
		{49FE5F8B-EEE5-4B6A-A309-63D0710C1BAC}.Debug|Any CPU.Build.0 = Debug|Any CPU
		{49FE5F8B-EEE5-4B6A-A309-63D0710C1BAC}.Release|Any CPU.ActiveCfg = Release|Any CPU
		{49FE5F8B-EEE5-4B6A-A309-63D0710C1BAC}.Release|Any CPU.Build.0 = Release|Any CPU
		{E309ED03-9A1E-4D61-BC67-5E80996C4304}.Debug|Any CPU.ActiveCfg = Debug|Any CPU
		{E309ED03-9A1E-4D61-BC67-5E80996C4304}.Debug|Any CPU.Build.0 = Debug|Any CPU
		{E309ED03-9A1E-4D61-BC67-5E80996C4304}.Release|Any CPU.ActiveCfg = Release|Any CPU
		{E309ED03-9A1E-4D61-BC67-5E80996C4304}.Release|Any CPU.Build.0 = Release|Any CPU
		{22C06D69-B17C-4CFC-A309-8C3FA0FF6846}.Debug|Any CPU.ActiveCfg = Debug|Any CPU
		{22C06D69-B17C-4CFC-A309-8C3FA0FF6846}.Debug|Any CPU.Build.0 = Debug|Any CPU
		{22C06D69-B17C-4CFC-A309-8C3FA0FF6846}.Release|Any CPU.ActiveCfg = Release|Any CPU
		{22C06D69-B17C-4CFC-A309-8C3FA0FF6846}.Release|Any CPU.Build.0 = Release|Any CPU
		{E4145D64-80BF-4A36-9E31-5B5247EA09DD}.Debug|Any CPU.ActiveCfg = Debug|Any CPU
		{E4145D64-80BF-4A36-9E31-5B5247EA09DD}.Debug|Any CPU.Build.0 = Debug|Any CPU
		{E4145D64-80BF-4A36-9E31-5B5247EA09DD}.Release|Any CPU.ActiveCfg = Release|Any CPU
		{E4145D64-80BF-4A36-9E31-5B5247EA09DD}.Release|Any CPU.Build.0 = Release|Any CPU
		{C9AE0D3C-2166-4CC7-ABE4-C838629EF04D}.Debug|Any CPU.ActiveCfg = Debug|Any CPU
		{C9AE0D3C-2166-4CC7-ABE4-C838629EF04D}.Debug|Any CPU.Build.0 = Debug|Any CPU
		{C9AE0D3C-2166-4CC7-ABE4-C838629EF04D}.Release|Any CPU.ActiveCfg = Release|Any CPU
		{C9AE0D3C-2166-4CC7-ABE4-C838629EF04D}.Release|Any CPU.Build.0 = Release|Any CPU
		{618C0A13-BBA5-40DE-9757-73992A1486BF}.Debug|Any CPU.ActiveCfg = Debug|Any CPU
		{618C0A13-BBA5-40DE-9757-73992A1486BF}.Debug|Any CPU.Build.0 = Debug|Any CPU
		{618C0A13-BBA5-40DE-9757-73992A1486BF}.Release|Any CPU.ActiveCfg = Release|Any CPU
		{618C0A13-BBA5-40DE-9757-73992A1486BF}.Release|Any CPU.Build.0 = Release|Any CPU
		{E5687BF3-5EFC-48E5-B79E-931A7151F33D}.Debug|Any CPU.ActiveCfg = Debug|Any CPU
		{E5687BF3-5EFC-48E5-B79E-931A7151F33D}.Debug|Any CPU.Build.0 = Debug|Any CPU
		{E5687BF3-5EFC-48E5-B79E-931A7151F33D}.Release|Any CPU.ActiveCfg = Release|Any CPU
		{E5687BF3-5EFC-48E5-B79E-931A7151F33D}.Release|Any CPU.Build.0 = Release|Any CPU
		{01650941-77EE-4ECF-9299-D6C0C625AF65}.Debug|Any CPU.ActiveCfg = Debug|Any CPU
		{01650941-77EE-4ECF-9299-D6C0C625AF65}.Debug|Any CPU.Build.0 = Debug|Any CPU
		{01650941-77EE-4ECF-9299-D6C0C625AF65}.Release|Any CPU.ActiveCfg = Release|Any CPU
		{01650941-77EE-4ECF-9299-D6C0C625AF65}.Release|Any CPU.Build.0 = Release|Any CPU
		{71348F49-878C-41E0-99F7-6FF40A147B75}.Debug|Any CPU.ActiveCfg = Debug|Any CPU
		{71348F49-878C-41E0-99F7-6FF40A147B75}.Debug|Any CPU.Build.0 = Debug|Any CPU
		{71348F49-878C-41E0-99F7-6FF40A147B75}.Release|Any CPU.ActiveCfg = Release|Any CPU
		{71348F49-878C-41E0-99F7-6FF40A147B75}.Release|Any CPU.Build.0 = Release|Any CPU
		{334A776B-8CE0-464C-A7FA-A736E8221673}.Debug|Any CPU.ActiveCfg = Debug|Any CPU
		{334A776B-8CE0-464C-A7FA-A736E8221673}.Debug|Any CPU.Build.0 = Debug|Any CPU
		{334A776B-8CE0-464C-A7FA-A736E8221673}.Release|Any CPU.ActiveCfg = Release|Any CPU
		{334A776B-8CE0-464C-A7FA-A736E8221673}.Release|Any CPU.Build.0 = Release|Any CPU
		{6F8B31AA-F487-4FF1-A441-204FCB336D81}.Debug|Any CPU.ActiveCfg = Debug|Any CPU
		{6F8B31AA-F487-4FF1-A441-204FCB336D81}.Debug|Any CPU.Build.0 = Debug|Any CPU
		{6F8B31AA-F487-4FF1-A441-204FCB336D81}.Release|Any CPU.ActiveCfg = Release|Any CPU
		{6F8B31AA-F487-4FF1-A441-204FCB336D81}.Release|Any CPU.Build.0 = Release|Any CPU
		{BE057C17-DDEB-41F5-B50E-93C5E3C530F9}.Debug|Any CPU.ActiveCfg = Debug|Any CPU
		{BE057C17-DDEB-41F5-B50E-93C5E3C530F9}.Debug|Any CPU.Build.0 = Debug|Any CPU
		{BE057C17-DDEB-41F5-B50E-93C5E3C530F9}.Release|Any CPU.ActiveCfg = Release|Any CPU
		{BE057C17-DDEB-41F5-B50E-93C5E3C530F9}.Release|Any CPU.Build.0 = Release|Any CPU
		{71C7F702-9127-424B-BBB8-9B996D9349D4}.Debug|Any CPU.ActiveCfg = Debug|Any CPU
		{71C7F702-9127-424B-BBB8-9B996D9349D4}.Debug|Any CPU.Build.0 = Debug|Any CPU
		{71C7F702-9127-424B-BBB8-9B996D9349D4}.Release|Any CPU.ActiveCfg = Release|Any CPU
		{71C7F702-9127-424B-BBB8-9B996D9349D4}.Release|Any CPU.Build.0 = Release|Any CPU
		{8530E024-AEFB-4A3D-BA1B-169F5E859C75}.Debug|Any CPU.ActiveCfg = Debug|Any CPU
		{8530E024-AEFB-4A3D-BA1B-169F5E859C75}.Debug|Any CPU.Build.0 = Debug|Any CPU
		{8530E024-AEFB-4A3D-BA1B-169F5E859C75}.Release|Any CPU.ActiveCfg = Release|Any CPU
		{8530E024-AEFB-4A3D-BA1B-169F5E859C75}.Release|Any CPU.Build.0 = Release|Any CPU
		{771B90C9-26A1-4F47-BB89-36808E786E2E}.Debug|Any CPU.ActiveCfg = Debug|Any CPU
		{771B90C9-26A1-4F47-BB89-36808E786E2E}.Debug|Any CPU.Build.0 = Debug|Any CPU
		{771B90C9-26A1-4F47-BB89-36808E786E2E}.Release|Any CPU.ActiveCfg = Release|Any CPU
		{771B90C9-26A1-4F47-BB89-36808E786E2E}.Release|Any CPU.Build.0 = Release|Any CPU
		{2C894D4D-1EDE-4E41-92B8-33049E60E58F}.Debug|Any CPU.ActiveCfg = Debug|Any CPU
		{2C894D4D-1EDE-4E41-92B8-33049E60E58F}.Debug|Any CPU.Build.0 = Debug|Any CPU
		{2C894D4D-1EDE-4E41-92B8-33049E60E58F}.Release|Any CPU.ActiveCfg = Release|Any CPU
		{2C894D4D-1EDE-4E41-92B8-33049E60E58F}.Release|Any CPU.Build.0 = Release|Any CPU
		{79B0DE7E-9511-49FB-AFCE-490E10B11390}.Debug|Any CPU.ActiveCfg = Debug|Any CPU
		{79B0DE7E-9511-49FB-AFCE-490E10B11390}.Debug|Any CPU.Build.0 = Debug|Any CPU
		{79B0DE7E-9511-49FB-AFCE-490E10B11390}.Release|Any CPU.ActiveCfg = Release|Any CPU
		{79B0DE7E-9511-49FB-AFCE-490E10B11390}.Release|Any CPU.Build.0 = Release|Any CPU
		{85FA62AD-8F39-4FDE-BF65-5051A410C0BD}.Debug|Any CPU.ActiveCfg = Debug|Any CPU
		{85FA62AD-8F39-4FDE-BF65-5051A410C0BD}.Debug|Any CPU.Build.0 = Debug|Any CPU
		{85FA62AD-8F39-4FDE-BF65-5051A410C0BD}.Release|Any CPU.ActiveCfg = Release|Any CPU
		{85FA62AD-8F39-4FDE-BF65-5051A410C0BD}.Release|Any CPU.Build.0 = Release|Any CPU
		{4E3A1EA5-BAC1-4F6C-B8DE-5840985B9625}.Debug|Any CPU.ActiveCfg = Debug|Any CPU
		{4E3A1EA5-BAC1-4F6C-B8DE-5840985B9625}.Debug|Any CPU.Build.0 = Debug|Any CPU
		{4E3A1EA5-BAC1-4F6C-B8DE-5840985B9625}.Release|Any CPU.ActiveCfg = Release|Any CPU
		{4E3A1EA5-BAC1-4F6C-B8DE-5840985B9625}.Release|Any CPU.Build.0 = Release|Any CPU
		{7EDCA176-870C-4FFD-A613-1E0993208DD5}.Debug|Any CPU.ActiveCfg = Debug|Any CPU
		{7EDCA176-870C-4FFD-A613-1E0993208DD5}.Debug|Any CPU.Build.0 = Debug|Any CPU
		{7EDCA176-870C-4FFD-A613-1E0993208DD5}.Release|Any CPU.ActiveCfg = Release|Any CPU
		{7EDCA176-870C-4FFD-A613-1E0993208DD5}.Release|Any CPU.Build.0 = Release|Any CPU
		{5A22B7F2-4AB2-40CF-A894-519A8982506B}.Debug|Any CPU.ActiveCfg = Debug|Any CPU
		{5A22B7F2-4AB2-40CF-A894-519A8982506B}.Debug|Any CPU.Build.0 = Debug|Any CPU
		{5A22B7F2-4AB2-40CF-A894-519A8982506B}.Release|Any CPU.ActiveCfg = Release|Any CPU
		{5A22B7F2-4AB2-40CF-A894-519A8982506B}.Release|Any CPU.Build.0 = Release|Any CPU
		{40CE4363-A6BE-4FC2-AE13-4CD50D4257F3}.Debug|Any CPU.ActiveCfg = Debug|Any CPU
		{40CE4363-A6BE-4FC2-AE13-4CD50D4257F3}.Debug|Any CPU.Build.0 = Debug|Any CPU
		{40CE4363-A6BE-4FC2-AE13-4CD50D4257F3}.Release|Any CPU.ActiveCfg = Release|Any CPU
		{40CE4363-A6BE-4FC2-AE13-4CD50D4257F3}.Release|Any CPU.Build.0 = Release|Any CPU
		{9110493E-EA65-47DE-8DB5-E6D6266761B5}.Debug|Any CPU.ActiveCfg = Debug|Any CPU
		{9110493E-EA65-47DE-8DB5-E6D6266761B5}.Debug|Any CPU.Build.0 = Debug|Any CPU
		{9110493E-EA65-47DE-8DB5-E6D6266761B5}.Release|Any CPU.ActiveCfg = Release|Any CPU
		{9110493E-EA65-47DE-8DB5-E6D6266761B5}.Release|Any CPU.Build.0 = Release|Any CPU
		{C92A619A-4A20-497E-8B1D-324E34ED3B05}.Debug|Any CPU.ActiveCfg = Debug|Any CPU
		{C92A619A-4A20-497E-8B1D-324E34ED3B05}.Debug|Any CPU.Build.0 = Debug|Any CPU
		{C92A619A-4A20-497E-8B1D-324E34ED3B05}.Release|Any CPU.ActiveCfg = Release|Any CPU
		{C92A619A-4A20-497E-8B1D-324E34ED3B05}.Release|Any CPU.Build.0 = Release|Any CPU
		{7B178FCF-99A9-4C04-BFBE-CB5E122609A3}.Debug|Any CPU.ActiveCfg = Debug|Any CPU
		{7B178FCF-99A9-4C04-BFBE-CB5E122609A3}.Debug|Any CPU.Build.0 = Debug|Any CPU
		{7B178FCF-99A9-4C04-BFBE-CB5E122609A3}.Release|Any CPU.ActiveCfg = Release|Any CPU
		{7B178FCF-99A9-4C04-BFBE-CB5E122609A3}.Release|Any CPU.Build.0 = Release|Any CPU
		{045E0A20-91C6-449B-BCAC-51F9A0C32E92}.Debug|Any CPU.ActiveCfg = Debug|Any CPU
		{045E0A20-91C6-449B-BCAC-51F9A0C32E92}.Debug|Any CPU.Build.0 = Debug|Any CPU
		{045E0A20-91C6-449B-BCAC-51F9A0C32E92}.Release|Any CPU.ActiveCfg = Release|Any CPU
		{045E0A20-91C6-449B-BCAC-51F9A0C32E92}.Release|Any CPU.Build.0 = Release|Any CPU
		{66BFFE20-4D13-42FF-8E2C-57951CFE73EA}.Debug|Any CPU.ActiveCfg = Debug|Any CPU
		{66BFFE20-4D13-42FF-8E2C-57951CFE73EA}.Debug|Any CPU.Build.0 = Debug|Any CPU
		{66BFFE20-4D13-42FF-8E2C-57951CFE73EA}.Release|Any CPU.ActiveCfg = Release|Any CPU
		{66BFFE20-4D13-42FF-8E2C-57951CFE73EA}.Release|Any CPU.Build.0 = Release|Any CPU
		{5D5A5600-2CAB-4D00-8D4F-50DF92929C82}.Debug|Any CPU.ActiveCfg = Debug|Any CPU
		{5D5A5600-2CAB-4D00-8D4F-50DF92929C82}.Debug|Any CPU.Build.0 = Debug|Any CPU
		{5D5A5600-2CAB-4D00-8D4F-50DF92929C82}.Release|Any CPU.ActiveCfg = Release|Any CPU
		{5D5A5600-2CAB-4D00-8D4F-50DF92929C82}.Release|Any CPU.Build.0 = Release|Any CPU
		{7F2D57DA-E254-4ED1-BB5E-FF37FAE18B2C}.Debug|Any CPU.ActiveCfg = Debug|Any CPU
		{7F2D57DA-E254-4ED1-BB5E-FF37FAE18B2C}.Debug|Any CPU.Build.0 = Debug|Any CPU
		{7F2D57DA-E254-4ED1-BB5E-FF37FAE18B2C}.Release|Any CPU.ActiveCfg = Release|Any CPU
		{7F2D57DA-E254-4ED1-BB5E-FF37FAE18B2C}.Release|Any CPU.Build.0 = Release|Any CPU
		{E415F00E-A505-4466-B9E0-A91E2D0654D3}.Debug|Any CPU.ActiveCfg = Debug|Any CPU
		{E415F00E-A505-4466-B9E0-A91E2D0654D3}.Debug|Any CPU.Build.0 = Debug|Any CPU
		{E415F00E-A505-4466-B9E0-A91E2D0654D3}.Release|Any CPU.ActiveCfg = Release|Any CPU
		{E415F00E-A505-4466-B9E0-A91E2D0654D3}.Release|Any CPU.Build.0 = Release|Any CPU
		{8EF9F4D7-DB1F-4E0B-B14F-46E8676C5DC1}.Debug|Any CPU.ActiveCfg = Debug|Any CPU
		{8EF9F4D7-DB1F-4E0B-B14F-46E8676C5DC1}.Debug|Any CPU.Build.0 = Debug|Any CPU
		{8EF9F4D7-DB1F-4E0B-B14F-46E8676C5DC1}.Release|Any CPU.ActiveCfg = Release|Any CPU
		{8EF9F4D7-DB1F-4E0B-B14F-46E8676C5DC1}.Release|Any CPU.Build.0 = Release|Any CPU
		{E5D3E6EC-DB14-479A-AA3E-934CD4CB5F05}.Debug|Any CPU.ActiveCfg = Debug|Any CPU
		{E5D3E6EC-DB14-479A-AA3E-934CD4CB5F05}.Debug|Any CPU.Build.0 = Debug|Any CPU
		{E5D3E6EC-DB14-479A-AA3E-934CD4CB5F05}.Release|Any CPU.ActiveCfg = Release|Any CPU
		{E5D3E6EC-DB14-479A-AA3E-934CD4CB5F05}.Release|Any CPU.Build.0 = Release|Any CPU
		{A82941AC-60DE-4B16-8CDB-EABBE8409FE1}.Debug|Any CPU.ActiveCfg = Debug|Any CPU
		{A82941AC-60DE-4B16-8CDB-EABBE8409FE1}.Debug|Any CPU.Build.0 = Debug|Any CPU
		{A82941AC-60DE-4B16-8CDB-EABBE8409FE1}.Release|Any CPU.ActiveCfg = Release|Any CPU
		{A82941AC-60DE-4B16-8CDB-EABBE8409FE1}.Release|Any CPU.Build.0 = Release|Any CPU
		{58F67AD7-E00D-4FB6-AD98-D79A7F267CC3}.Debug|Any CPU.ActiveCfg = Debug|Any CPU
		{58F67AD7-E00D-4FB6-AD98-D79A7F267CC3}.Debug|Any CPU.Build.0 = Debug|Any CPU
		{58F67AD7-E00D-4FB6-AD98-D79A7F267CC3}.Release|Any CPU.ActiveCfg = Release|Any CPU
		{58F67AD7-E00D-4FB6-AD98-D79A7F267CC3}.Release|Any CPU.Build.0 = Release|Any CPU
		{161FF877-4A7C-4779-A4AC-60D2D0678EDD}.Debug|Any CPU.ActiveCfg = Debug|Any CPU
		{161FF877-4A7C-4779-A4AC-60D2D0678EDD}.Debug|Any CPU.Build.0 = Debug|Any CPU
		{161FF877-4A7C-4779-A4AC-60D2D0678EDD}.Release|Any CPU.ActiveCfg = Release|Any CPU
		{161FF877-4A7C-4779-A4AC-60D2D0678EDD}.Release|Any CPU.Build.0 = Release|Any CPU
		{F06C7F7F-35A5-4187-BD83-9991A3690B51}.Debug|Any CPU.ActiveCfg = Debug|Any CPU
		{F06C7F7F-35A5-4187-BD83-9991A3690B51}.Debug|Any CPU.Build.0 = Debug|Any CPU
		{F06C7F7F-35A5-4187-BD83-9991A3690B51}.Release|Any CPU.ActiveCfg = Release|Any CPU
		{F06C7F7F-35A5-4187-BD83-9991A3690B51}.Release|Any CPU.Build.0 = Release|Any CPU
		{1E2F77D3-1FAD-4F8E-8491-845AFEF1F64B}.Debug|Any CPU.ActiveCfg = Debug|Any CPU
		{1E2F77D3-1FAD-4F8E-8491-845AFEF1F64B}.Debug|Any CPU.Build.0 = Debug|Any CPU
		{1E2F77D3-1FAD-4F8E-8491-845AFEF1F64B}.Release|Any CPU.ActiveCfg = Release|Any CPU
		{1E2F77D3-1FAD-4F8E-8491-845AFEF1F64B}.Release|Any CPU.Build.0 = Release|Any CPU
		{49372A42-F9CA-4B08-BD62-B9B29C3A66E4}.Debug|Any CPU.ActiveCfg = Debug|Any CPU
		{49372A42-F9CA-4B08-BD62-B9B29C3A66E4}.Debug|Any CPU.Build.0 = Debug|Any CPU
		{49372A42-F9CA-4B08-BD62-B9B29C3A66E4}.Release|Any CPU.ActiveCfg = Release|Any CPU
		{49372A42-F9CA-4B08-BD62-B9B29C3A66E4}.Release|Any CPU.Build.0 = Release|Any CPU
	EndGlobalSection
	GlobalSection(SolutionProperties) = preSolution
		HideSolutionNode = FALSE
	EndGlobalSection
	GlobalSection(ExtensibilityGlobals) = postSolution
		SolutionGuid = {C4DD337B-088B-4B22-95A4-E504F2EB879C}
	EndGlobalSection
EndGlobal
